
Microsoft Visual Studio Solution File, Format Version 12.00
# Visual Studio Version 16
VisualStudioVersion = 16.0.29102.190
MinimumVisualStudioVersion = 10.0.40219.1
Project("{FAE04EC0-301F-11D3-BF4B-00C04F79EFBC}") = "OpenTTLauncher", "src\OpenTTLauncher.csproj", "{B87C3990-44B9-364B-8C12-8AAF2BF255D9}"
EndProject
Project("{54435603-DBB4-11D2-8724-00A0C9A8B90C}") = "Setup", "Setup\Setup.vdproj", "{BF05B1A9-ED3A-4369-B945-DA17806B38FE}"
EndProject
Global
	GlobalSection(SolutionConfigurationPlatforms) = preSolution
		Debug|Any CPU = Debug|Any CPU
		Release|Any CPU = Release|Any CPU
	EndGlobalSection
	GlobalSection(ProjectConfigurationPlatforms) = postSolution
		{B87C3990-44B9-364B-8C12-8AAF2BF255D9}.Debug|Any CPU.ActiveCfg = Debug|Any CPU
		{B87C3990-44B9-364B-8C12-8AAF2BF255D9}.Debug|Any CPU.Build.0 = Debug|Any CPU
		{B87C3990-44B9-364B-8C12-8AAF2BF255D9}.Release|Any CPU.ActiveCfg = Release|Any CPU
		{B87C3990-44B9-364B-8C12-8AAF2BF255D9}.Release|Any CPU.Build.0 = Release|Any CPU
		{BF05B1A9-ED3A-4369-B945-DA17806B38FE}.Debug|Any CPU.ActiveCfg = Debug
		{BF05B1A9-ED3A-4369-B945-DA17806B38FE}.Release|Any CPU.ActiveCfg = Release
	EndGlobalSection
	GlobalSection(SolutionProperties) = preSolution
		HideSolutionNode = FALSE
	EndGlobalSection
	GlobalSection(ExtensibilityGlobals) = postSolution
		SolutionGuid = {759FFAC2-58D5-4260-8CC9-CE623D533CF7}
	EndGlobalSection
EndGlobal
